Microsoft Visual Studio Solution File, Format Version 12.00
# Visual Studio Version 17
VisualStudioVersion = 17.10.34928.147
MinimumVisualStudioVersion = 10.0.40219.1
Project("{54A90642-561A-4BB1-A94E-469ADEE60C69}") = "app", "app.esproj", "{DB0FD205-83DD-40D4-A3B3-4CE46979F67D}"
EndProject
Global
	GlobalSection(SolutionConfigurationPlatforms) = preSolution
		Debug|Any CPU = Debug|Any CPU
		Release|Any CPU = Release|Any CPU
	EndGlobalSection
	GlobalSection(ProjectConfigurationPlatforms) = postSolution
		{DB0FD205-83DD-40D4-A3B3-4CE46979F67D}.Debug|Any CPU.ActiveCfg = Debug|Any CPU
		{DB0FD205-83DD-40D4-A3B3-4CE46979F67D}.Debug|Any CPU.Build.0 = Debug|Any CPU
		{DB0FD205-83DD-40D4-A3B3-4CE46979F67D}.Debug|Any CPU.Deploy.0 = Debug|Any CPU
		{DB0FD205-83DD-40D4-A3B3-4CE46979F67D}.Release|Any CPU.ActiveCfg = Release|Any CPU
		{DB0FD205-83DD-40D4-A3B3-4CE46979F67D}.Release|Any CPU.Build.0 = Release|Any CPU
		{DB0FD205-83DD-40D4-A3B3-4CE46979F67D}.Release|Any CPU.Deploy.0 = Release|Any CPU
	EndGlobalSection
	GlobalSection(SolutionProperties) = preSolution
		HideSolutionNode = FALSE
	EndGlobalSection
	GlobalSection(ExtensibilityGlobals) = postSolution
		SolutionGuid = {49E1E528-F49D-4646-A35F-38C38A2EDD65}
	EndGlobalSection
EndGlobal
